schema: '2.0'
stages:
  testGeneration@phi4-blocksworld:
    cmd: ../gradlew runExperiment --quiet --args=" --model-id=phi4 --log-dir=experiments
      --log-to-console --log-to-file"
    outs:
    - path: experiments
      hash: md5
      md5: d751713988987e9331980363e24189ce.dir
      size: 0
      nfiles: 0
  testGeneration@meta-llama/llama-3.3-70b-instruct:free:
    cmd: ./runner.sh "meta-llama/llama-3.3-70b-instruct:free" "5" "60" "https://openrouter.ai/api/v1/"
      "0.5" "4096"
    outs:
    - path: experiments/meta-llama/llama-3.3-70b-instruct:free
      hash: md5
      md5: 4a856008b57d4cfd320a66b9ba7cbb4c.dir
      size: 29220893
      nfiles: 30
  testGeneration@deepseek/deepseek-chat-v3-0324:free:
    cmd: ../gradlew runExperiment --args=" --lm-server-url=https://openrouter.ai/api/v1/
      --model-id=deepseek/deepseek-chat-v3-0324:free --temperature=0.1 --max-tokens=1000
      --timeout=40 --log-dir=experiments --log-to-console --log-to-file"
    outs:
    - path: experiments/deepseek/deepseek-chat-v3-0324:free
      hash: md5
      md5: f2d164f0def14ccc3b1553bedc3bd81e.dir
      size: 325823
      nfiles: 4
  testGeneration@google/gemini-2.0-flash-exp:free:
    cmd: ../gradlew runExperiment --args=" --lm-server-url=https://openrouter.ai/api/v1/
      --model-id=google/gemini-2.0-flash-exp:free --temperature=0.1 --max-tokens=1000
      --timeout=40 --log-dir=experiments --log-to-console --log-to-file"
    outs:
    - path: experiments/google/gemini-2.0-flash-exp:free
      hash: md5
      md5: 4798c869f5ee3dd6a1801edd609a465e.dir
      size: 34437
      nfiles: 4
  testGeneration@qwen/qwen-2.5-coder-32b-instruct:
    cmd: timeout 40s ../gradlew runExperiment --args=" --lm-server-url=https://openrouter.ai/api/v1/
      --model-id=qwen/qwen-2.5-coder-32b-instruct --temperature=0.5 --max-tokens=4096
      --log-dir=experiments --log-to-console --log-to-file" || if [ $? -eq 124 ];
      then echo "Timeout reached"; exit 0; else exit $?; fi
    outs:
    - path: experiments/qwen/qwen-2.5-coder-32b-instruct
      hash: md5
      md5: b848f7ae9574721c668a597518ced31c.dir
      size: 104973
      nfiles: 6
  testGeneration@google/gemma-3-27b-it:free:
    cmd: ./runner.sh "google/gemma-3-27b-it:free" "5" "60" "https://openrouter.ai/api/v1/"
      "0.5" "4096"
    outs:
    - path: experiments/google/gemma-3-27b-it:free
      hash: md5
      md5: 231988aec19f4ed5ddca5314db0ce767.dir
      size: 319994
      nfiles: 34
  testGeneration@google/gemma-3-12b-it:free:
    cmd: ./runner.sh "google/gemma-3-12b-it:free" "5" "60" "https://openrouter.ai/api/v1/"
      "0.5" "4096"
    outs:
    - path: experiments/google/gemma-3-12b-it:free
      hash: md5
      md5: 458f4282eb39743e29223ed8d675feab.dir
      size: 267801
      nfiles: 30
