schema: '2.0'
stages:
  generatePlans@0.1-deepseek/deepseek-chat-v3-0324:free-0-prompt_with_hints:
    cmd: ../gradlew runExperiment --args="--model-id 
      deepseek/deepseek-chat-v3-0324:free --prompt-type prompt_with_hints 
      --run-id deepseek/deepseek-chat-v3-0324:free-0-prompt_with_hints-0.1 
      --timeout-millis 50000 --lm-server-url https://openrouter.ai/api/v1/ 
      --temperature 0.1 --max-tokens 2048 --log-dir experiments --log-to-file"
    outs:
    - path: 
        experiments/deepseek/deepseek-chat-v3-0324:free-0-prompt_with_hints-0.1/
      hash: md5
      md5: f7c5c05782b1cf81385f8883641f8254.dir
      size: 103859
      nfiles: 6
  generatePlans@0.1-deepseek/deepseek-chat-v3-0324:free-0-prompt_without_hints:
    cmd: ../gradlew runExperiment --args="--model-id 
      deepseek/deepseek-chat-v3-0324:free --prompt-type prompt_without_hints 
      --run-id deepseek/deepseek-chat-v3-0324:free-0-prompt_without_hints-0.1 
      --timeout-millis 50000 --lm-server-url https://openrouter.ai/api/v1/ 
      --temperature 0.1 --max-tokens 2048 --log-dir experiments --log-to-file"
    outs:
    - path: 
        experiments/deepseek/deepseek-chat-v3-0324:free-0-prompt_without_hints-0.1/
      hash: md5
      md5: 330293c050875d9f572c637e8469fd61.dir
      size: 78193759
      nfiles: 6
  generatePlans@0.1-deepseek/deepseek-chat-v3-0324:free-0-prompt_with_hints_and_remarks:
    cmd: ../gradlew runExperiment --args="--model-id 
      deepseek/deepseek-chat-v3-0324:free --prompt-type 
      prompt_with_hints_and_remarks --run-id 
      deepseek/deepseek-chat-v3-0324:free-0-prompt_with_hints_and_remarks-0.1 
      --timeout-millis 50000 --lm-server-url https://openrouter.ai/api/v1/ 
      --temperature 0.1 --max-tokens 2048 --log-dir experiments --log-to-file"
    outs:
    - path: 
        experiments/deepseek/deepseek-chat-v3-0324:free-0-prompt_with_hints_and_remarks-0.1/
      hash: md5
      md5: 192e263c3cd84a43761c7dd812aadc94.dir
      size: 443448
      nfiles: 12
  generatePlans@0.1-deepseek/deepseek-chat-v3-0324:free-1-prompt_with_hints:
    cmd: ../gradlew runExperiment --args="--model-id 
      deepseek/deepseek-chat-v3-0324:free --prompt-type prompt_with_hints 
      --run-id deepseek/deepseek-chat-v3-0324:free-1-prompt_with_hints-0.1 
      --timeout-millis 50000 --lm-server-url https://openrouter.ai/api/v1/ 
      --temperature 0.1 --max-tokens 2048 --log-dir experiments --log-to-file"
    outs:
    - path: 
        experiments/deepseek/deepseek-chat-v3-0324:free-1-prompt_with_hints-0.1/
      hash: md5
      md5: 67308cb87fcef5f1e0aa90d1fe82544a.dir
      size: 216971
      nfiles: 6
  generatePlans@0.1-deepseek/deepseek-chat-v3-0324:free-1-prompt_without_hints:
    cmd: ../gradlew runExperiment --args="--model-id 
      deepseek/deepseek-chat-v3-0324:free --prompt-type prompt_without_hints 
      --run-id deepseek/deepseek-chat-v3-0324:free-1-prompt_without_hints-0.1 
      --timeout-millis 50000 --lm-server-url https://openrouter.ai/api/v1/ 
      --temperature 0.1 --max-tokens 2048 --log-dir experiments --log-to-file"
    outs:
    - path: 
        experiments/deepseek/deepseek-chat-v3-0324:free-1-prompt_without_hints-0.1/
      hash: md5
      md5: 96b1edb393e96e4375d572fb00f6f5e9.dir
      size: 51206809
      nfiles: 8
  generatePlans@0.1-deepseek/deepseek-chat-v3-0324:free-1-prompt_with_hints_and_remarks:
    cmd: ../gradlew runExperiment --args="--model-id 
      deepseek/deepseek-chat-v3-0324:free --prompt-type 
      prompt_with_hints_and_remarks --run-id 
      deepseek/deepseek-chat-v3-0324:free-1-prompt_with_hints_and_remarks-0.1 
      --timeout-millis 50000 --lm-server-url https://openrouter.ai/api/v1/ 
      --temperature 0.1 --max-tokens 2048 --log-dir experiments --log-to-file"
    outs:
    - path: 
        experiments/deepseek/deepseek-chat-v3-0324:free-1-prompt_with_hints_and_remarks-0.1/
      hash: md5
      md5: 0be82cf6fba7bf6376040bdc3c7c6fda.dir
      size: 145362
      nfiles: 6
  generatePlans@0.1-deepseek/deepseek-chat-v3-0324:free-2-prompt_with_hints:
    cmd: ../gradlew runExperiment --args="--model-id 
      deepseek/deepseek-chat-v3-0324:free --prompt-type prompt_with_hints 
      --run-id deepseek/deepseek-chat-v3-0324:free-2-prompt_with_hints-0.1 
      --timeout-millis 50000 --lm-server-url https://openrouter.ai/api/v1/ 
      --temperature 0.1 --max-tokens 2048 --log-dir experiments --log-to-file"
    outs:
    - path: 
        experiments/deepseek/deepseek-chat-v3-0324:free-2-prompt_with_hints-0.1/
      hash: md5
      md5: e9841297ba96a269dddde12cde9139c9.dir
      size: 104568
      nfiles: 6
